PODS:
  - Nimble (12.3.0)
  - Quick (7.3.0)
  - SimpleSource (3.0.1)
  - SimpleSource/Tests (3.0.1):
    - Nimble (~> 12.0)
    - Quick (~> 7.0)

DEPENDENCIES:
  - SimpleSource (from `..`)
  - SimpleSource/Tests (from `..`)

SPEC REPOS:
  trunk:
    - Nimble
    - Quick

EXTERNAL SOURCES:
  SimpleSource:
    :path: ".."

SPEC CHECKSUMS:
  Nimble: f8a8219d16f176429b951e8f7e72df5c23ceddc0
  Quick: d32871931c05547cb4e0bc9009d66a18b50d8558
  SimpleSource: c096d5fb8c7ec0956c2cf01c8a645828c2efb330

PODFILE CHECKSUM: 5ebdafbbdb9020f19e05fb40cff22a580d64a844

COCOAPODS: 1.13.0
