PODS:
  - Dwifft (0.9)
  - Nimble (8.0.4)
  - Quick (2.2.0)
  - SimpleSource (2.0.5):
    - Dwifft (~> 0.9.0)
  - SimpleSource/Tests (2.0.5):
    - Dwifft (~> 0.9.0)
    - Nimble
    - Quick
  - SwiftyJSON (5.0.1)

DEPENDENCIES:
  - SimpleSource (from `..`)
  - SimpleSource/Tests (from `..`)
  - SwiftyJSON (~> 5.0)

SPEC REPOS:
  trunk:
    - Dwifft
    - Nimble
    - Quick
    - SwiftyJSON

EXTERNAL SOURCES:
  SimpleSource:
    :path: ".."

SPEC CHECKSUMS:
  Dwifft: 42912068ed2a8146077d1a1404df18625bd086e1
  Nimble: 18d5360282923225d62b09d781f63abc1a0111fc
  Quick: 7fb19e13be07b5dfb3b90d4f9824c855a11af40e
  SimpleSource: ad7f27c2c45fcbefbeb5b1fe1a8a6cad37c3c586
  SwiftyJSON: 2f33a42c6fbc52764d96f13368585094bfd8aa5e

PODFILE CHECKSUM: a5deddba5204624da3222bdb26450e64fabfabc5

COCOAPODS: 1.13.0
